// !$*UTF8*$!
{
	archiveVersion = 1;
	classes = {
	};
	objectVersion = 56;
	objects = {

/* Begin PBXBuildFile section */
		EB2512D52A0B0BAB003A535A /* MedicamentoModel.swift in Sources */ = {isa = PBXBuildFile; fileRef = EB2512D42A0B0BAB003A535A /* MedicamentoModel.swift */; };
		EBFC270F2A0AE4FD00E72333 /* AppDelegate.swift in Sources */ = {isa = PBXBuildFile; fileRef = EBFC270E2A0AE4FD00E72333 /* AppDelegate.swift */; };
		EBFC27112A0AE4FD00E72333 /* SceneDelegate.swift in Sources */ = {isa = PBXBuildFile; fileRef = EBFC27102A0AE4FD00E72333 /* SceneDelegate.swift */; };
		EBFC27132A0AE4FD00E72333 /* ViewController.swift in Sources */ = {isa = PBXBuildFile; fileRef = EBFC27122A0AE4FD00E72333 /* ViewController.swift */; };
		EBFC27162A0AE4FD00E72333 /* Main.storyboard in Resources */ = {isa = PBXBuildFile; fileRef = EBFC27142A0AE4FD00E72333 /* Main.storyboard */; };
		EBFC27182A0AE4FF00E72333 /* Assets.xcassets in Resources */ = {isa = PBXBuildFile; fileRef = EBFC27172A0AE4FF00E72333 /* Assets.xcassets */; };
		EBFC271B2A0AE4FF00E72333 /* LaunchScreen.storyboard in Resources */ = {isa = PBXBuildFile; fileRef = EBFC27192A0AE4FF00E72333 /* LaunchScreen.storyboard */; };
		EBFC27262A0AFDD000E72333 /* Medicamento.swift in Sources */ = {isa = PBXBuildFile; fileRef = EBFC27252A0AFDD000E72333 /* Medicamento.swift */; };
/* End PBXBuildFile section */

/* Begin PBXFileReference section */
		EB2512D42A0B0BAB003A535A /* MedicamentoModel.swift */ = {isa = PBXFileReference; lastKnownFileType = sourcecode.swift; path = MedicamentoModel.swift; sourceTree = "<group>"; };
		EBFC270B2A0AE4FD00E72333 /* GitTesting.app */ = {isa = PBXFileReference; explicitFileType = wrapper.application; includeInIndex = 0; path = GitTesting.app; sourceTree = BUILT_PRODUCTS_DIR; };
		EBFC270E2A0AE4FD00E72333 /* AppDelegate.swift */ = {isa = PBXFileReference; lastKnownFileType = sourcecode.swift; path = AppDelegate.swift; sourceTree = "<group>"; };
		EBFC27102A0AE4FD00E72333 /* SceneDelegate.swift */ = {isa = PBXFileReference; lastKnownFileType = sourcecode.swift; path = SceneDelegate.swift; sourceTree = "<group>"; };
		EBFC27122A0AE4FD00E72333 /* ViewController.swift */ = {isa = PBXFileReference; lastKnownFileType = sourcecode.swift; path = ViewController.swift; sourceTree = "<group>"; };
		EBFC27152A0AE4FD00E72333 /* Base */ = {isa = PBXFileReference; lastKnownFileType = file.storyboard; name = Base; path = Base.lproj/Main.storyboard; sourceTree = "<group>"; };
		EBFC27172A0AE4FF00E72333 /* Assets.xcassets */ = {isa = PBXFileReference; lastKnownFileType = folder.assetcatalog; path = Assets.xcassets; sourceTree = "<group>"; };
		EBFC271A2A0AE4FF00E72333 /* Base */ = {isa = PBXFileReference; lastKnownFileType = file.storyboard; name = Base; path = Base.lproj/LaunchScreen.storyboard; sourceTree = "<group>"; };
		EBFC271C2A0AE4FF00E72333 /* Info.plist */ = {isa = PBXFileReference; lastKnownFileType = text.plist.xml; path = Info.plist; sourceTree = "<group>"; };
		EBFC27252A0AFDD000E72333 /* Medicamento.swift */ = {isa = PBXFileReference; lastKnownFileType = sourcecode.swift; path = Medicamento.swift; sourceTree = "<group>"; };
/* End PBXFileReference section */

/* Begin PBXFrameworksBuildPhase section */
		EBFC27082A0AE4FD00E72333 /* Frameworks */ = {
			isa = PBXFrameworksBuildPhase;
			buildActionMask = 2147483647;
			files = (
			);
			runOnlyForDeploymentPostprocessing = 0;
		};
/* End PBXFrameworksBuildPhase section */

/* Begin PBXGroup section */
		EBFC27022A0AE4FD00E72333 = {
			isa = PBXGroup;
			children = (
				EBFC270D2A0AE4FD00E72333 /* GitTesting */,
				EBFC270C2A0AE4FD00E72333 /* Products */,
			);
			sourceTree = "<group>";
		};
		EBFC270C2A0AE4FD00E72333 /* Products */ = {
			isa = PBXGroup;
			children = (
				EBFC270B2A0AE4FD00E72333 /* GitTesting.app */,
			);
			name = Products;
			sourceTree = "<group>";
		};
		EBFC270D2A0AE4FD00E72333 /* GitTesting */ = {
			isa = PBXGroup;
			children = (
				EBFC27242A0AE7C800E72333 /* Controller */,
				EBFC27232A0AE7C400E72333 /* View */,
				EBFC27222A0AE7BF00E72333 /* Model */,
				EBFC270E2A0AE4FD00E72333 /* AppDelegate.swift */,
				EBFC27102A0AE4FD00E72333 /* SceneDelegate.swift */,
				EBFC27172A0AE4FF00E72333 /* Assets.xcassets */,
				EBFC271C2A0AE4FF00E72333 /* Info.plist */,
			);
			path = GitTesting;
			sourceTree = "<group>";
		};
		EBFC27222A0AE7BF00E72333 /* Model */ = {
			isa = PBXGroup;
			children = (
				EBFC27252A0AFDD000E72333 /* Medicamento.swift */,
				EB2512D42A0B0BAB003A535A /* MedicamentoModel.swift */,
			);
			path = Model;
			sourceTree = "<group>";
		};
		EBFC27232A0AE7C400E72333 /* View */ = {
			isa = PBXGroup;
			children = (
				EBFC27192A0AE4FF00E72333 /* LaunchScreen.storyboard */,
				EBFC27142A0AE4FD00E72333 /* Main.storyboard */,
			);
			path = View;
			sourceTree = "<group>";
		};
		EBFC27242A0AE7C800E72333 /* Controller */ = {
			isa = PBXGroup;
			children = (
				EBFC27122A0AE4FD00E72333 /* ViewController.swift */,
			);
			path = Controller;
			sourceTree = "<group>";
		};
/* End PBXGroup section */

/* Begin PBXNativeTarget section */
		EBFC270A2A0AE4FD00E72333 /* GitTesting */ = {
			isa = PBXNativeTarget;
			buildConfigurationList = EBFC271F2A0AE4FF00E72333 /* Build configuration list for PBXNativeTarget "GitTesting" */;
			buildPhases = (
				EBFC27072A0AE4FD00E72333 /* Sources */,
				EBFC27082A0AE4FD00E72333 /* Frameworks */,
				EBFC27092A0AE4FD00E72333 /* Resources */,
			);
			buildRules = (
			);
			dependencies = (
			);
			name = GitTesting;
			productName = GitTesting;
			productReference = EBFC270B2A0AE4FD00E72333 /* GitTesting.app */;
			productType = "com.apple.product-type.application";
		};
/* End PBXNativeTarget section */

/* Begin PBXProject section */
		EBFC27032A0AE4FD00E72333 /* Project object */ = {
			isa = PBXProject;
			attributes = {
				BuildIndependentTargetsInParallel = 1;
				LastSwiftUpdateCheck = 1420;
				LastUpgradeCheck = 1420;
				TargetAttributes = {
					EBFC270A2A0AE4FD00E72333 = {
						CreatedOnToolsVersion = 14.2;
					};
				};
			};
			buildConfigurationList = EBFC27062A0AE4FD00E72333 /* Build configuration list for PBXProject "GitTesting" */;
			compatibilityVersion = "Xcode 14.0";
			developmentRegion = en;
			hasScannedForEncodings = 0;
			knownRegions = (
				en,
				Base,
			);
			mainGroup = EBFC27022A0AE4FD00E72333;
			productRefGroup = EBFC270C2A0AE4FD00E72333 /* Products */;
			projectDirPath = "";
			projectRoot = "";
			targets = (
				EBFC270A2A0AE4FD00E72333 /* GitTesting */,
			);
		};
/* End PBXProject section */

/* Begin PBXResourcesBuildPhase section */
		EBFC27092A0AE4FD00E72333 /* Resources */ = {
			isa = PBXResourcesBuildPhase;
			buildActionMask = 2147483647;
			files = (
				EBFC271B2A0AE4FF00E72333 /* LaunchScreen.storyboard in Resources */,
				EBFC27182A0AE4FF00E72333 /* Assets.xcassets in Resources */,
				EBFC27162A0AE4FD00E72333 /* Main.storyboard in Resources */,
			);
			runOnlyForDeploymentPostprocessing = 0;
		};
/* End PBXResourcesBuildPhase section */

/* Begin PBXSourcesBuildPhase section */
		EBFC27072A0AE4FD00E72333 /* Sources */ = {
			isa = PBXSourcesBuildPhase;
			buildActionMask = 2147483647;
			files = (
				EBFC27132A0AE4FD00E72333 /* ViewController.swift in Sources */,
				EBFC270F2A0AE4FD00E72333 /* AppDelegate.swift in Sources */,
				EBFC27262A0AFDD000E72333 /* Medicamento.swift in Sources */,
				EB2512D52A0B0BAB003A535A /* MedicamentoModel.swift in Sources */,
				EBFC27112A0AE4FD00E72333 /* SceneDelegate.swift in Sources */,
			);
			runOnlyForDeploymentPostprocessing = 0;
		};
/* End PBXSourcesBuildPhase section */

/* Begin PBXVariantGroup section */
		EBFC27142A0AE4FD00E72333 /* Main.storyboard */ = {
			isa = PBXVariantGroup;
			children = (
				EBFC27152A0AE4FD00E72333 /* Base */,
			);
			name = Main.storyboard;
			sourceTree = "<group>";
		};
		EBFC27192A0AE4FF00E72333 /* LaunchScreen.storyboard */ = {
			isa = PBXVariantGroup;
			children = (
				EBFC271A2A0AE4FF00E72333 /* Base */,
			);
			name = LaunchScreen.storyboard;
			sourceTree = "<group>";
		};
/* End PBXVariantGroup section */

/* Begin XCBuildConfiguration section */
		EBFC271D2A0AE4FF00E72333 /* Debug */ = {
			isa = XCBuildConfiguration;
			buildSettings = {
				ALWAYS_SEARCH_USER_PATHS = NO;
				CLANG_ANALYZER_NONNULL = YES;
				CLANG_ANALYZER_NUMBER_OBJECT_CONVERSION = YES_AGGRESSIVE;
				CLANG_CXX_LANGUAGE_STANDARD = "gnu++20";
				CLANG_ENABLE_MODULES = YES;
				CLANG_ENABLE_OBJC_ARC = YES;
				CLANG_ENABLE_OBJC_WEAK = YES;
				CLANG_WARN_BLOCK_CAPTURE_AUTORELEASING = YES;
				CLANG_WARN_BOOL_CONVERSION = YES;
				CLANG_WARN_COMMA = YES;
				CLANG_WARN_CONSTANT_CONVERSION = YES;
				CLANG_WARN_DEPRECATED_OBJC_IMPLEMENTATIONS = YES;
				CLANG_WARN_DIRECT_OBJC_ISA_USAGE = YES_ERROR;
				CLANG_WARN_DOCUMENTATION_COMMENTS = YES;
				CLANG_WARN_EMPTY_BODY = YES;
				CLANG_WARN_ENUM_CONVERSION = YES;
				CLANG_WARN_INFINITE_RECURSION = YES;
				CLANG_WARN_INT_CONVERSION = YES;
				CLANG_WARN_NON_LITERAL_NULL_CONVERSION = YES;
				CLANG_WARN_OBJC_IMPLICIT_RETAIN_SELF = YES;
				CLANG_WARN_OBJC_LITERAL_CONVERSION = YES;
				CLANG_WARN_OBJC_ROOT_CLASS = YES_ERROR;
				CLANG_WARN_QUOTED_INCLUDE_IN_FRAMEWORK_HEADER = YES;
				CLANG_WARN_RANGE_LOOP_ANALYSIS = YES;
				CLANG_WARN_STRICT_PROTOTYPES = YES;
				CLANG_WARN_SUSPICIOUS_MOVE = YES;
				CLANG_WARN_UNGUARDED_AVAILABILITY = YES_AGGRESSIVE;
				CLANG_WARN_UNREACHABLE_CODE = YES;
				CLANG_WARN__DUPLICATE_METHOD_MATCH = YES;
				COPY_PHASE_STRIP = NO;
				DEBUG_INFORMATION_FORMAT = dwarf;
				ENABLE_STRICT_OBJC_MSGSEND = YES;
				ENABLE_TESTABILITY = YES;
				GCC_C_LANGUAGE_STANDARD = gnu11;
				GCC_DYNAMIC_NO_PIC = NO;
				GCC_NO_COMMON_BLOCKS = YES;
				GCC_OPTIMIZATION_LEVEL = 0;
				GCC_PREPROCESSOR_DEFINITIONS = (
					"DEBUG=1",
					"$(inherited)",
				);
				GCC_WARN_64_TO_32_BIT_CONVERSION = YES;
				GCC_WARN_ABOUT_RETURN_TYPE = YES_ERROR;
				GCC_WARN_UNDECLARED_SELECTOR = YES;
				GCC_WARN_UNINITIALIZED_AUTOS = YES_AGGRESSIVE;
				GCC_WARN_UNUSED_FUNCTION = YES;
				GCC_WARN_UNUSED_VARIABLE = YES;
				IPHONEOS_DEPLOYMENT_TARGET = 16.2;
				MTL_ENABLE_DEBUG_INFO = INCLUDE_SOURCE;
				MTL_FAST_MATH = YES;
				ONLY_ACTIVE_ARCH = YES;
				SDKROOT = iphoneos;
				SWIFT_ACTIVE_COMPILATION_CONDITIONS = DEBUG;
				SWIFT_OPTIMIZATION_LEVEL = "-Onone";
			};
			name = Debug;
		};
		EBFC271E2A0AE4FF00E72333 /* Release */ = {
			isa = XCBuildConfiguration;
			buildSettings = {
				ALWAYS_SEARCH_USER_PATHS = NO;
				CLANG_ANALYZER_NONNULL = YES;
				CLANG_ANALYZER_NUMBER_OBJECT_CONVERSION = YES_AGGRESSIVE;
				CLANG_CXX_LANGUAGE_STANDARD = "gnu++20";
				CLANG_ENABLE_MODULES = YES;
				CLANG_ENABLE_OBJC_ARC = YES;
				CLANG_ENABLE_OBJC_WEAK = YES;
				CLANG_WARN_BLOCK_CAPTURE_AUTORELEASING = YES;
				CLANG_WARN_BOOL_CONVERSION = YES;
				CLANG_WARN_COMMA = YES;
				CLANG_WARN_CONSTANT_CONVERSION = YES;
				CLANG_WARN_DEPRECATED_OBJC_IMPLEMENTATIONS = YES;
				CLANG_WARN_DIRECT_OBJC_ISA_USAGE = YES_ERROR;
				CLANG_WARN_DOCUMENTATION_COMMENTS = YES;
				CLANG_WARN_EMPTY_BODY = YES;
				CLANG_WARN_ENUM_CONVERSION = YES;
				CLANG_WARN_INFINITE_RECURSION = YES;
				CLANG_WARN_INT_CONVERSION = YES;
				CLANG_WARN_NON_LITERAL_NULL_CONVERSION = YES;
				CLANG_WARN_OBJC_IMPLICIT_RETAIN_SELF = YES;
				CLANG_WARN_OBJC_LITERAL_CONVERSION = YES;
				CLANG_WARN_OBJC_ROOT_CLASS = YES_ERROR;
				CLANG_WARN_QUOTED_INCLUDE_IN_FRAMEWORK_HEADER = YES;
				CLANG_WARN_RANGE_LOOP_ANALYSIS = YES;
				CLANG_WARN_STRICT_PROTOTYPES = YES;
				CLANG_WARN_SUSPICIOUS_MOVE = YES;
				CLANG_WARN_UNGUARDED_AVAILABILITY = YES_AGGRESSIVE;
				CLANG_WARN_UNREACHABLE_CODE = YES;
				CLANG_WARN__DUPLICATE_METHOD_MATCH = YES;
				COPY_PHASE_STRIP = NO;
				DEBUG_INFORMATION_FORMAT = "dwarf-with-dsym";
				ENABLE_NS_ASSERTIONS = NO;
				ENABLE_STRICT_OBJC_MSGSEND = YES;
				GCC_C_LANGUAGE_STANDARD = gnu11;
				GCC_NO_COMMON_BLOCKS = YES;
				GCC_WARN_64_TO_32_BIT_CONVERSION = YES;
				GCC_WARN_ABOUT_RETURN_TYPE = YES_ERROR;
				GCC_WARN_UNDECLARED_SELECTOR = YES;
				GCC_WARN_UNINITIALIZED_AUTOS = YES_AGGRESSIVE;
				GCC_WARN_UNUSED_FUNCTION = YES;
				GCC_WARN_UNUSED_VARIABLE = YES;
				IPHONEOS_DEPLOYMENT_TARGET = 16.2;
				MTL_ENABLE_DEBUG_INFO = NO;
				MTL_FAST_MATH = YES;
				SDKROOT = iphoneos;
				SWIFT_COMPILATION_MODE = wholemodule;
				SWIFT_OPTIMIZATION_LEVEL = "-O";
				VALIDATE_PRODUCT = YES;
			};
			name = Release;
		};
		EBFC27202A0AE4FF00E72333 /* Debug */ = {
			isa = XCBuildConfiguration;
			buildSettings = {
				ASSETCATALOG_COMPILER_APPICON_NAME = AppIcon;
				ASSETCATALOG_COMPILER_GLOBAL_ACCENT_COLOR_NAME = AccentColor;
				CODE_SIGN_STYLE = Automatic;
				CURRENT_PROJECT_VERSION = 1;
				DEVELOPMENT_TEAM = C7W26WRUNK;
				GENERATE_INFOPLIST_FILE = YES;
				INFOPLIST_FILE = GitTesting/Info.plist;
				INFOPLIST_KEY_UIApplicationSupportsIndirectInputEvents = YES;
				INFOPLIST_KEY_UILaunchStoryboardName = LaunchScreen;
				INFOPLIST_KEY_UIMainStoryboardFile = Main;
				INFOPLIST_KEY_UISupportedInterfaceOrientations_iPad = "UIInterfaceOrientationPortrait UIInterfaceOrientationPortraitUpsideDown UIInterfaceOrientationLandscapeLeft UIInterfaceOrientationLandscapeRight";
				INFOPLIST_KEY_UISupportedInterfaceOrientations_iPhone = "UIInterfaceOrientationPortrait UIInterfaceOrientationLandscapeLeft UIInterfaceOrientationLandscapeRight";
				LD_RUNPATH_SEARCH_PATHS = (
					"$(inherited)",
					"@executable_path/Frameworks",
				);
				MARKETING_VERSION = 1.0;
				PRODUCT_BUNDLE_IDENTIFIER = com.digis.GitTesting;
				PRODUCT_NAME = "$(TARGET_NAME)";
				SWIFT_EMIT_LOC_STRINGS = YES;
				SWIFT_VERSION = 5.0;
				TARGETED_DEVICE_FAMILY = "1,2";
			};
			name = Debug;
		};
		EBFC27212A0AE4FF00E72333 /* Release */ = {
			isa = XCBuildConfiguration;
			buildSettings = {
				ASSETCATALOG_COMPILER_APPICON_NAME = AppIcon;
				ASSETCATALOG_COMPILER_GLOBAL_ACCENT_COLOR_NAME = AccentColor;
				CODE_SIGN_STYLE = Automatic;
				CURRENT_PROJECT_VERSION = 1;
				DEVELOPMENT_TEAM = C7W26WRUNK;
				GENERATE_INFOPLIST_FILE = YES;
				INFOPLIST_FILE = GitTesting/Info.plist;
				INFOPLIST_KEY_UIApplicationSupportsIndirectInputEvents = YES;
				INFOPLIST_KEY_UILaunchStoryboardName = LaunchScreen;
				INFOPLIST_KEY_UIMainStoryboardFile = Main;
				INFOPLIST_KEY_UISupportedInterfaceOrientations_iPad = "UIInterfaceOrientationPortrait UIInterfaceOrientationPortraitUpsideDown UIInterfaceOrientationLandscapeLeft UIInterfaceOrientationLandscapeRight";
				INFOPLIST_KEY_UISupportedInterfaceOrientations_iPhone = "UIInterfaceOrientationPortrait UIInterfaceOrientationLandscapeLeft UIInterfaceOrientationLandscapeRight";
				LD_RUNPATH_SEARCH_PATHS = (
					"$(inherited)",
					"@executable_path/Frameworks",
				);
				MARKETING_VERSION = 1.0;
				PRODUCT_BUNDLE_IDENTIFIER = com.digis.GitTesting;
				PRODUCT_NAME = "$(TARGET_NAME)";
				SWIFT_EMIT_LOC_STRINGS = YES;
				SWIFT_VERSION = 5.0;
				TARGETED_DEVICE_FAMILY = "1,2";
			};
			name = Release;
		};
/* End XCBuildConfiguration section */

/* Begin XCConfigurationList section */
		EBFC27062A0AE4FD00E72333 /* Build configuration list for PBXProject "GitTesting" */ = {
			isa = XCConfigurationList;
			buildConfigurations = (
				EBFC271D2A0AE4FF00E72333 /* Debug */,
				EBFC271E2A0AE4FF00E72333 /* Release */,
			);
			defaultConfigurationIsVisible = 0;
			defaultConfigurationName = Release;
		};
		EBFC271F2A0AE4FF00E72333 /* Build configuration list for PBXNativeTarget "GitTesting" */ = {
			isa = XCConfigurationList;
			buildConfigurations = (
				EBFC27202A0AE4FF00E72333 /* Debug */,
				EBFC27212A0AE4FF00E72333 /* Release */,
			);
			defaultConfigurationIsVisible = 0;
			defaultConfigurationName = Release;
		};
/* End XCConfigurationList section */
	};
	rootObject = EBFC27032A0AE4FD00E72333 /* Project object */;
}
